
Microsoft Visual Studio Solution File, Format Version 12.00
# Visual Studio Version 16
VisualStudioVersion = 16.0.30011.22
MinimumVisualStudioVersion = 10.0.40219.1
Project("{9A19103F-16F7-4668-BE54-9A1E7A4F7556}") = "Dmd.Domain", "Dmd.Domain\Dmd.Domain.csproj", "{7EA1CECB-AB82-41CC-855A-39425032779E}"
EndProject
Project("{2150E333-8FDC-42A3-9474-1A3956D46DE8}") = "ApplicationCore", "ApplicationCore", "{89F5D2F8-5333-4EEB-8216-2E344FCD599A}"
EndProject
Project("{2150E333-8FDC-42A3-9474-1A3956D46DE8}") = "Infrastructure", "Infrastructure", "{68388F90-FD50-4DD1-9264-16B1E3D345CF}"
EndProject
Project("{9A19103F-16F7-4668-BE54-9A1E7A4F7556}") = "Dmd.Domain.Interfaces", "Dmd.Domain.Interfaces\Dmd.Domain.Interfaces.csproj", "{C12241D6-C3E9-4546-BE1E-641CA30D3EFA}"
EndProject
Project("{9A19103F-16F7-4668-BE54-9A1E7A4F7556}") = "Dmd.Infrastructure.Data", "Dmd.Infrastructure.Data\Dmd.Infrastructure.Data.csproj", "{C439169F-EA9F-46CA-9EF4-9F6CB5057C76}"
EndProject
Project("{9A19103F-16F7-4668-BE54-9A1E7A4F7556}") = "Dmd.Infrastructure.Business", "Dmd.Infrastructure.Business\Dmd.Infrastructure.Business.csproj", "{DE035058-D418-4787-9081-F2DCA98B1696}"
EndProject
Project("{9A19103F-16F7-4668-BE54-9A1E7A4F7556}") = "XUnitTests", "XUnitTestDmd\XUnitTests.csproj", "{FECE2931-0CD4-4961-A133-1A31D0ECC383}"
EndProject
Project("{9A19103F-16F7-4668-BE54-9A1E7A4F7556}") = "Dmd.Api", "Dmd.Api\Dmd.Api.csproj", "{9EDC26E4-8844-48BE-9C8B-258CCB1FFA60}"
EndProject
Project("{9A19103F-16F7-4668-BE54-9A1E7A4F7556}") = "Application", "Application\Application.csproj", "{A45CBA6B-17C5-4577-AC8A-E9BD527177C7}"
EndProject
Project("{2150E333-8FDC-42A3-9474-1A3956D46DE8}") = "test", "test", "{9AA4B887-1E9D-4E50-BCC8-31DF93C9B207}"
EndProject
Global
	GlobalSection(SolutionConfigurationPlatforms) = preSolution
		Debug|Any CPU = Debug|Any CPU
		Release|Any CPU = Release|Any CPU
	EndGlobalSection
	GlobalSection(ProjectConfigurationPlatforms) = postSolution
		{7EA1CECB-AB82-41CC-855A-39425032779E}.Debug|Any CPU.ActiveCfg = Debug|Any CPU
		{7EA1CECB-AB82-41CC-855A-39425032779E}.Debug|Any CPU.Build.0 = Debug|Any CPU
		{7EA1CECB-AB82-41CC-855A-39425032779E}.Release|Any CPU.ActiveCfg = Release|Any CPU
		{7EA1CECB-AB82-41CC-855A-39425032779E}.Release|Any CPU.Build.0 = Release|Any CPU
		{C12241D6-C3E9-4546-BE1E-641CA30D3EFA}.Debug|Any CPU.ActiveCfg = Debug|Any CPU
		{C12241D6-C3E9-4546-BE1E-641CA30D3EFA}.Debug|Any CPU.Build.0 = Debug|Any CPU
		{C12241D6-C3E9-4546-BE1E-641CA30D3EFA}.Release|Any CPU.ActiveCfg = Release|Any CPU
		{C12241D6-C3E9-4546-BE1E-641CA30D3EFA}.Release|Any CPU.Build.0 = Release|Any CPU
		{C439169F-EA9F-46CA-9EF4-9F6CB5057C76}.Debug|Any CPU.ActiveCfg = Debug|Any CPU
		{C439169F-EA9F-46CA-9EF4-9F6CB5057C76}.Debug|Any CPU.Build.0 = Debug|Any CPU
		{C439169F-EA9F-46CA-9EF4-9F6CB5057C76}.Release|Any CPU.ActiveCfg = Release|Any CPU
		{C439169F-EA9F-46CA-9EF4-9F6CB5057C76}.Release|Any CPU.Build.0 = Release|Any CPU
		{DE035058-D418-4787-9081-F2DCA98B1696}.Debug|Any CPU.ActiveCfg = Debug|Any CPU
		{DE035058-D418-4787-9081-F2DCA98B1696}.Debug|Any CPU.Build.0 = Debug|Any CPU
		{DE035058-D418-4787-9081-F2DCA98B1696}.Release|Any CPU.ActiveCfg = Release|Any CPU
		{DE035058-D418-4787-9081-F2DCA98B1696}.Release|Any CPU.Build.0 = Release|Any CPU
		{FECE2931-0CD4-4961-A133-1A31D0ECC383}.Debug|Any CPU.ActiveCfg = Debug|Any CPU
		{FECE2931-0CD4-4961-A133-1A31D0ECC383}.Debug|Any CPU.Build.0 = Debug|Any CPU
		{FECE2931-0CD4-4961-A133-1A31D0ECC383}.Release|Any CPU.ActiveCfg = Release|Any CPU
		{FECE2931-0CD4-4961-A133-1A31D0ECC383}.Release|Any CPU.Build.0 = Release|Any CPU
		{9EDC26E4-8844-48BE-9C8B-258CCB1FFA60}.Debug|Any CPU.ActiveCfg = Debug|Any CPU
		{9EDC26E4-8844-48BE-9C8B-258CCB1FFA60}.Debug|Any CPU.Build.0 = Debug|Any CPU
		{9EDC26E4-8844-48BE-9C8B-258CCB1FFA60}.Release|Any CPU.ActiveCfg = Release|Any CPU
		{9EDC26E4-8844-48BE-9C8B-258CCB1FFA60}.Release|Any CPU.Build.0 = Release|Any CPU
		{A45CBA6B-17C5-4577-AC8A-E9BD527177C7}.Debug|Any CPU.ActiveCfg = Debug|Any CPU
		{A45CBA6B-17C5-4577-AC8A-E9BD527177C7}.Debug|Any CPU.Build.0 = Debug|Any CPU
		{A45CBA6B-17C5-4577-AC8A-E9BD527177C7}.Release|Any CPU.ActiveCfg = Release|Any CPU
		{A45CBA6B-17C5-4577-AC8A-E9BD527177C7}.Release|Any CPU.Build.0 = Release|Any CPU
	EndGlobalSection
	GlobalSection(SolutionProperties) = preSolution
		HideSolutionNode = FALSE
	EndGlobalSection
	GlobalSection(NestedProjects) = preSolution
		{7EA1CECB-AB82-41CC-855A-39425032779E} = {89F5D2F8-5333-4EEB-8216-2E344FCD599A}
		{C12241D6-C3E9-4546-BE1E-641CA30D3EFA} = {89F5D2F8-5333-4EEB-8216-2E344FCD599A}
		{C439169F-EA9F-46CA-9EF4-9F6CB5057C76} = {68388F90-FD50-4DD1-9264-16B1E3D345CF}
		{DE035058-D418-4787-9081-F2DCA98B1696} = {68388F90-FD50-4DD1-9264-16B1E3D345CF}
		{FECE2931-0CD4-4961-A133-1A31D0ECC383} = {9AA4B887-1E9D-4E50-BCC8-31DF93C9B207}
		{A45CBA6B-17C5-4577-AC8A-E9BD527177C7} = {89F5D2F8-5333-4EEB-8216-2E344FCD599A}
	EndGlobalSection
	GlobalSection(ExtensibilityGlobals) = postSolution
		SolutionGuid = {AB007E5B-BC5A-439C-87BD-639E623DE0A7}
	EndGlobalSection
EndGlobal
