
Microsoft Visual Studio Solution File, Format Version 12.00
# Visual Studio Version 16
VisualStudioVersion = 16.0.30011.22
MinimumVisualStudioVersion = 10.0.40219.1
Project("{FAE04EC0-301F-11D3-BF4B-00C04F79EFBC}") = "Dmd.Domain", "Dmd.Domain\Dmd.Domain.csproj", "{7EA1CECB-AB82-41CC-855A-39425032779E}"
EndProject
Project("{FAE04EC0-301F-11D3-BF4B-00C04F79EFBC}") = "Dmd.Api", "Dmd.Api\Dmd.Api.csproj", "{26ABB07E-D8FC-4593-BED3-7C1CCDFD3B64}"
EndProject
Project("{FAE04EC0-301F-11D3-BF4B-00C04F79EFBC}") = "Dmd.UnitTests", "Dmd.UnitTests\Dmd.UnitTests.csproj", "{E3A213C2-3284-4977-A0DF-FB5320E046B7}"
EndProject
Global
	GlobalSection(SolutionConfigurationPlatforms) = preSolution
		Debug|Any CPU = Debug|Any CPU
		Release|Any CPU = Release|Any CPU
	EndGlobalSection
	GlobalSection(ProjectConfigurationPlatforms) = postSolution
		{7EA1CECB-AB82-41CC-855A-39425032779E}.Debug|Any CPU.ActiveCfg = Debug|Any CPU
		{7EA1CECB-AB82-41CC-855A-39425032779E}.Debug|Any CPU.Build.0 = Debug|Any CPU
		{7EA1CECB-AB82-41CC-855A-39425032779E}.Release|Any CPU.ActiveCfg = Release|Any CPU
		{7EA1CECB-AB82-41CC-855A-39425032779E}.Release|Any CPU.Build.0 = Release|Any CPU
		{26ABB07E-D8FC-4593-BED3-7C1CCDFD3B64}.Debug|Any CPU.ActiveCfg = Debug|Any CPU
		{26ABB07E-D8FC-4593-BED3-7C1CCDFD3B64}.Debug|Any CPU.Build.0 = Debug|Any CPU
		{26ABB07E-D8FC-4593-BED3-7C1CCDFD3B64}.Release|Any CPU.ActiveCfg = Release|Any CPU
		{26ABB07E-D8FC-4593-BED3-7C1CCDFD3B64}.Release|Any CPU.Build.0 = Release|Any CPU
		{E3A213C2-3284-4977-A0DF-FB5320E046B7}.Debug|Any CPU.ActiveCfg = Debug|Any CPU
		{E3A213C2-3284-4977-A0DF-FB5320E046B7}.Debug|Any CPU.Build.0 = Debug|Any CPU
		{E3A213C2-3284-4977-A0DF-FB5320E046B7}.Release|Any CPU.ActiveCfg = Release|Any CPU
		{E3A213C2-3284-4977-A0DF-FB5320E046B7}.Release|Any CPU.Build.0 = Release|Any CPU
	EndGlobalSection
	GlobalSection(SolutionProperties) = preSolution
		HideSolutionNode = FALSE
	EndGlobalSection
	GlobalSection(ExtensibilityGlobals) = postSolution
		SolutionGuid = {AB007E5B-BC5A-439C-87BD-639E623DE0A7}
	EndGlobalSection
EndGlobal
